// !$*UTF8*$!
{
	archiveVersion = 1;
	classes = {
	};
	objectVersion = 46;
	objects = {

/* Begin PBXBuildFile section */
		03458ED01AF1ADB2006F3037 /* AppDelegate.m in Sources */ = {isa = PBXBuildFile; fileRef = 03458ECF1AF1ADB2006F3037 /* AppDelegate.m */; };
		03458ED21AF1ADB2006F3037 /* main.m in Sources */ = {isa = PBXBuildFile; fileRef = 03458ED11AF1ADB2006F3037 /* main.m */; };
		03458ED71AF1ADB2006F3037 /* Images.xcassets in Resources */ = {isa = PBXBuildFile; fileRef = 03458ED61AF1ADB2006F3037 /* Images.xcassets */; };
		03458EF01AF1ADCF006F3037 /* IOKit.framework in Frameworks */ = {isa = PBXBuildFile; fileRef = 03458EEF1AF1ADCF006F3037 /* IOKit.framework */; };
		03884D1F1AF20F070049AC65 /* Main.storyboard in Resources */ = {isa = PBXBuildFile; fileRef = 03884D1E1AF20F070049AC65 /* Main.storyboard */; };
/* End PBXBuildFile section */

/* Begin PBXFileReference section */
		03458EC91AF1ADB2006F3037 /* autoloc.app */ = {isa = PBXFileReference; explicitFileType = wrapper.application; includeInIndex = 0; path = autoloc.app; sourceTree = BUILT_PRODUCTS_DIR; };
		03458ECD1AF1ADB2006F3037 /* Info.plist */ = {isa = PBXFileReference; lastKnownFileType = text.plist.xml; path = Info.plist; sourceTree = "<group>"; };
		03458ECE1AF1ADB2006F3037 /* AppDelegate.h */ = {isa = PBXFileReference; lastKnownFileType = sourcecode.c.h; path = AppDelegate.h; sourceTree = "<group>"; };
		03458ECF1AF1ADB2006F3037 /* AppDelegate.m */ = {isa = PBXFileReference; lastKnownFileType = sourcecode.c.objc; path = AppDelegate.m; sourceTree = "<group>"; };
		03458ED11AF1ADB2006F3037 /* main.m */ = {isa = PBXFileReference; lastKnownFileType = sourcecode.c.objc; path = main.m; sourceTree = "<group>"; };
		03458ED61AF1ADB2006F3037 /* Images.xcassets */ = {isa = PBXFileReference; lastKnownFileType = folder.assetcatalog; path = Images.xcassets; sourceTree = "<group>"; };
		03458EEF1AF1ADCF006F3037 /* IOKit.framework */ = {isa = PBXFileReference; lastKnownFileType = wrapper.framework; name = IOKit.framework; path = System/Library/Frameworks/IOKit.framework; sourceTree = SDKROOT; };
		03884D1E1AF20F070049AC65 /* Main.storyboard */ = {isa = PBXFileReference; fileEncoding = 4; lastKnownFileType = file.storyboard; path = Main.storyboard; sourceTree = "<group>"; };
/* End PBXFileReference section */

/* Begin PBXFrameworksBuildPhase section */
		03458EC61AF1ADB2006F3037 /* Frameworks */ = {
			isa = PBXFrameworksBuildPhase;
			buildActionMask = 2147483647;
			files = (
				03458EF01AF1ADCF006F3037 /* IOKit.framework in Frameworks */,
			);
			runOnlyForDeploymentPostprocessing = 0;
		};
/* End PBXFrameworksBuildPhase section */

/* Begin PBXGroup section */
		03458EC01AF1ADB2006F3037 = {
			isa = PBXGroup;
			children = (
				03458ECB1AF1ADB2006F3037 /* autoloc */,
				03458ECA1AF1ADB2006F3037 /* Products */,
				03458EEF1AF1ADCF006F3037 /* IOKit.framework */,
			);
			sourceTree = "<group>";
		};
		03458ECA1AF1ADB2006F3037 /* Products */ = {
			isa = PBXGroup;
			children = (
				03458EC91AF1ADB2006F3037 /* autoloc.app */,
			);
			name = Products;
			sourceTree = "<group>";
		};
		03458ECB1AF1ADB2006F3037 /* autoloc */ = {
			isa = PBXGroup;
			children = (
				03458ECE1AF1ADB2006F3037 /* AppDelegate.h */,
				03458ECF1AF1ADB2006F3037 /* AppDelegate.m */,
				03458ED61AF1ADB2006F3037 /* Images.xcassets */,
				03884D1E1AF20F070049AC65 /* Main.storyboard */,
				03458ECC1AF1ADB2006F3037 /* Supporting Files */,
			);
			path = autoloc;
			sourceTree = "<group>";
		};
		03458ECC1AF1ADB2006F3037 /* Supporting Files */ = {
			isa = PBXGroup;
			children = (
				03458ECD1AF1ADB2006F3037 /* Info.plist */,
				03458ED11AF1ADB2006F3037 /* main.m */,
			);
			name = "Supporting Files";
			sourceTree = "<group>";
		};
/* End PBXGroup section */

/* Begin PBXNativeTarget section */
		03458EC81AF1ADB2006F3037 /* powerloc */ = {
			isa = PBXNativeTarget;
			buildConfigurationList = 03458EE91AF1ADB2006F3037 /* Build configuration list for PBXNativeTarget "powerloc" */;
			buildPhases = (
				03458EC51AF1ADB2006F3037 /* Sources */,
				03458EC61AF1ADB2006F3037 /* Frameworks */,
				03458EC71AF1ADB2006F3037 /* Resources */,
			);
			buildRules = (
			);
			dependencies = (
			);
			name = powerloc;
			productName = autoloc;
			productReference = 03458EC91AF1ADB2006F3037 /* autoloc.app */;
			productType = "com.apple.product-type.application";
		};
/* End PBXNativeTarget section */

/* Begin PBXProject section */
		03458EC11AF1ADB2006F3037 /* Project object */ = {
			isa = PBXProject;
			attributes = {
				LastUpgradeCheck = 0630;
				ORGANIZATIONNAME = HT154;
				TargetAttributes = {
					03458EC81AF1ADB2006F3037 = {
						CreatedOnToolsVersion = 6.3.1;
					};
				};
			};
			buildConfigurationList = 03458EC41AF1ADB2006F3037 /* Build configuration list for PBXProject "autoloc" */;
			compatibilityVersion = "Xcode 3.2";
			developmentRegion = English;
			hasScannedForEncodings = 0;
			knownRegions = (
				en,
				Base,
			);
			mainGroup = 03458EC01AF1ADB2006F3037;
			productRefGroup = 03458ECA1AF1ADB2006F3037 /* Products */;
			projectDirPath = "";
			projectRoot = "";
			targets = (
				03458EC81AF1ADB2006F3037 /* powerloc */,
			);
		};
/* End PBXProject section */

/* Begin PBXResourcesBuildPhase section */
		03458EC71AF1ADB2006F3037 /* Resources */ = {
			isa = PBXResourcesBuildPhase;
			buildActionMask = 2147483647;
			files = (
				03458ED71AF1ADB2006F3037 /* Images.xcassets in Resources */,
				03884D1F1AF20F070049AC65 /* Main.storyboard in Resources */,
			);
			runOnlyForDeploymentPostprocessing = 0;
		};
/* End PBXResourcesBuildPhase section */

/* Begin PBXSourcesBuildPhase section */
		03458EC51AF1ADB2006F3037 /* Sources */ = {
			isa = PBXSourcesBuildPhase;
			buildActionMask = 2147483647;
			files = (
				03458ED21AF1ADB2006F3037 /* main.m in Sources */,
				03458ED01AF1ADB2006F3037 /* AppDelegate.m in Sources */,
			);
			runOnlyForDeploymentPostprocessing = 0;
		};
/* End PBXSourcesBuildPhase section */

/* Begin XCBuildConfiguration section */
		03458EE71AF1ADB2006F3037 /* Debug */ = {
			isa = XCBuildConfiguration;
			buildSettings = {
				ALWAYS_SEARCH_USER_PATHS = NO;
				CLANG_CXX_LANGUAGE_STANDARD = "gnu++0x";
				CLANG_CXX_LIBRARY = "libc++";
				CLANG_ENABLE_MODULES = YES;
				CLANG_ENABLE_OBJC_ARC = YES;
				CLANG_WARN_BOOL_CONVERSION = YES;
				CLANG_WARN_CONSTANT_CONVERSION = YES;
				CLANG_WARN_DIRECT_OBJC_ISA_USAGE = YES_ERROR;
				CLANG_WARN_EMPTY_BODY = YES;
				CLANG_WARN_ENUM_CONVERSION = YES;
				CLANG_WARN_INT_CONVERSION = YES;
				CLANG_WARN_OBJC_ROOT_CLASS = YES_ERROR;
				CLANG_WARN_UNREACHABLE_CODE = YES;
				CLANG_WARN__DUPLICATE_METHOD_MATCH = YES;
				CODE_SIGN_IDENTITY = "-";
				COPY_PHASE_STRIP = NO;
				DEBUG_INFORMATION_FORMAT = dwarf;
				ENABLE_STRICT_OBJC_MSGSEND = YES;
				GCC_C_LANGUAGE_STANDARD = gnu99;
				GCC_DYNAMIC_NO_PIC = NO;
				GCC_NO_COMMON_BLOCKS = YES;
				GCC_OPTIMIZATION_LEVEL = 0;
				GCC_PREPROCESSOR_DEFINITIONS = (
					"DEBUG=1",
					"$(inherited)",
				);
				GCC_SYMBOLS_PRIVATE_EXTERN = NO;
				GCC_WARN_64_TO_32_BIT_CONVERSION = YES;
				GCC_WARN_ABOUT_RETURN_TYPE = YES_ERROR;
				GCC_WARN_UNDECLARED_SELECTOR = YES;
				GCC_WARN_UNINITIALIZED_AUTOS = YES_AGGRESSIVE;
				GCC_WARN_UNUSED_FUNCTION = YES;
				GCC_WARN_UNUSED_VARIABLE = YES;
				MACOSX_DEPLOYMENT_TARGET = 10.10;
				MTL_ENABLE_DEBUG_INFO = YES;
				ONLY_ACTIVE_ARCH = YES;
				SDKROOT = macosx;
			};
			name = Debug;
		};
		03458EE81AF1ADB2006F3037 /* Release */ = {
			isa = XCBuildConfiguration;
			buildSettings = {
				ALWAYS_SEARCH_USER_PATHS = NO;
				CLANG_CXX_LANGUAGE_STANDARD = "gnu++0x";
				CLANG_CXX_LIBRARY = "libc++";
				CLANG_ENABLE_MODULES = YES;
				CLANG_ENABLE_OBJC_ARC = YES;
				CLANG_WARN_BOOL_CONVERSION = YES;
				CLANG_WARN_CONSTANT_CONVERSION = YES;
				CLANG_WARN_DIRECT_OBJC_ISA_USAGE = YES_ERROR;
				CLANG_WARN_EMPTY_BODY = YES;
				CLANG_WARN_ENUM_CONVERSION = YES;
				CLANG_WARN_INT_CONVERSION = YES;
				CLANG_WARN_OBJC_ROOT_CLASS = YES_ERROR;
				CLANG_WARN_UNREACHABLE_CODE = YES;
				CLANG_WARN__DUPLICATE_METHOD_MATCH = YES;
				CODE_SIGN_IDENTITY = "-";
				COPY_PHASE_STRIP = NO;
				DEBUG_INFORMATION_FORMAT = "dwarf-with-dsym";
				ENABLE_NS_ASSERTIONS = NO;
				ENABLE_STRICT_OBJC_MSGSEND = YES;
				GCC_C_LANGUAGE_STANDARD = gnu99;
				GCC_NO_COMMON_BLOCKS = YES;
				GCC_WARN_64_TO_32_BIT_CONVERSION = YES;
				GCC_WARN_ABOUT_RETURN_TYPE = YES_ERROR;
				GCC_WARN_UNDECLARED_SELECTOR = YES;
				GCC_WARN_UNINITIALIZED_AUTOS = YES_AGGRESSIVE;
				GCC_WARN_UNUSED_FUNCTION = YES;
				GCC_WARN_UNUSED_VARIABLE = YES;
				MACOSX_DEPLOYMENT_TARGET = 10.10;
				MTL_ENABLE_DEBUG_INFO = NO;
				SDKROOT = macosx;
			};
			name = Release;
		};
		03458EEA1AF1ADB2006F3037 /* Debug */ = {
			isa = XCBuildConfiguration;
			buildSettings = {
				ASSETCATALOG_COMPILER_APPICON_NAME = AppIcon;
				COMBINE_HIDPI_IMAGES = YES;
				INFOPLIST_FILE = autoloc/Info.plist;
				LD_RUNPATH_SEARCH_PATHS = "$(inherited) @executable_path/../Frameworks";
				PRODUCT_NAME = "$(TARGET_NAME)";
			};
			name = Debug;
		};
		03458EEB1AF1ADB2006F3037 /* Release */ = {
			isa = XCBuildConfiguration;
			buildSettings = {
				ASSETCATALOG_COMPILER_APPICON_NAME = AppIcon;
				COMBINE_HIDPI_IMAGES = YES;
				INFOPLIST_FILE = autoloc/Info.plist;
				LD_RUNPATH_SEARCH_PATHS = "$(inherited) @executable_path/../Frameworks";
				PRODUCT_NAME = "$(TARGET_NAME)";
			};
			name = Release;
		};
/* End XCBuildConfiguration section */

/* Begin XCConfigurationList section */
		03458EC41AF1ADB2006F3037 /* Build configuration list for PBXProject "autoloc" */ = {
			isa = XCConfigurationList;
			buildConfigurations = (
				03458EE71AF1ADB2006F3037 /* Debug */,
				03458EE81AF1ADB2006F3037 /* Release */,
			);
			defaultConfigurationIsVisible = 0;
			defaultConfigurationName = Release;
		};
		03458EE91AF1ADB2006F3037 /* Build configuration list for PBXNativeTarget "powerloc" */ = {
			isa = XCConfigurationList;
			buildConfigurations = (
				03458EEA1AF1ADB2006F3037 /* Debug */,
				03458EEB1AF1ADB2006F3037 /* Release */,
			);
			defaultConfigurationIsVisible = 0;
			defaultConfigurationName = Release;
		};
/* End XCConfigurationList section */
	};
	rootObject = 03458EC11AF1ADB2006F3037 /* Project object */;
}
